
Microsoft Visual Studio Solution File, Format Version 12.00
# Visual Studio Version 17
VisualStudioVersion = 17.0.31903.59
MinimumVisualStudioVersion = 10.0.40219.1
Project("{FAE04EC0-301F-11D3-BF4B-00C04F79EFBC}") = "GuidConverter.Cmdlets", "GuidConverter.Cmdlets\GuidConverter.Cmdlets.csproj", "{F94A44EC-DC7E-49FC-9D40-C9BBE8217834}"
EndProject
Project("{FAE04EC0-301F-11D3-BF4B-00C04F79EFBC}") = "GuidConverter.Core", "GuidConverter.Core\GuidConverter.Core.csproj", "{799887C9-7DFC-4D4A-B9E3-7072C4353635}"
EndProject
Project("{FAE04EC0-301F-11D3-BF4B-00C04F79EFBC}") = "GuidConverter.Tests", "GuidConverter.Tests\GuidConverter.Tests.csproj", "{F392DC9C-2523-4AD3-8A77-3B181BC7998D}"
EndProject
Global
	GlobalSection(SolutionConfigurationPlatforms) = preSolution
		Debug|Any CPU = Debug|Any CPU
		Release|Any CPU = Release|Any CPU
	EndGlobalSection
	GlobalSection(ProjectConfigurationPlatforms) = postSolution
		{F94A44EC-DC7E-49FC-9D40-C9BBE8217834}.Debug|Any CPU.ActiveCfg = Debug|Any CPU
		{F94A44EC-DC7E-49FC-9D40-C9BBE8217834}.Debug|Any CPU.Build.0 = Debug|Any CPU
		{F94A44EC-DC7E-49FC-9D40-C9BBE8217834}.Release|Any CPU.ActiveCfg = Release|Any CPU
		{F94A44EC-DC7E-49FC-9D40-C9BBE8217834}.Release|Any CPU.Build.0 = Release|Any CPU
		{799887C9-7DFC-4D4A-B9E3-7072C4353635}.Debug|Any CPU.ActiveCfg = Debug|Any CPU
		{799887C9-7DFC-4D4A-B9E3-7072C4353635}.Debug|Any CPU.Build.0 = Debug|Any CPU
		{799887C9-7DFC-4D4A-B9E3-7072C4353635}.Release|Any CPU.ActiveCfg = Release|Any CPU
		{799887C9-7DFC-4D4A-B9E3-7072C4353635}.Release|Any CPU.Build.0 = Release|Any CPU
		{F392DC9C-2523-4AD3-8A77-3B181BC7998D}.Debug|Any CPU.ActiveCfg = Debug|Any CPU
		{F392DC9C-2523-4AD3-8A77-3B181BC7998D}.Debug|Any CPU.Build.0 = Debug|Any CPU
		{F392DC9C-2523-4AD3-8A77-3B181BC7998D}.Release|Any CPU.ActiveCfg = Release|Any CPU
		{F392DC9C-2523-4AD3-8A77-3B181BC7998D}.Release|Any CPU.Build.0 = Release|Any CPU
	EndGlobalSection
	GlobalSection(SolutionProperties) = preSolution
		HideSolutionNode = FALSE
	EndGlobalSection
	GlobalSection(ExtensibilityGlobals) = postSolution
		SolutionGuid = {9DDB7B3F-85DC-456D-8263-708C6E260B49}
	EndGlobalSection
EndGlobal
