
Microsoft Visual Studio Solution File, Format Version 12.00
# Visual Studio Version 17
VisualStudioVersion = 17.0.31903.59
MinimumVisualStudioVersion = 10.0.40219.1
Project("{9A19103F-16F7-4668-BE54-9A1E7A4F7556}") = "GuidConverter.Cmdlets", "GuidConverter.Cmdlets\GuidConverter.Cmdlets.csproj", "{F94A44EC-DC7E-49FC-9D40-C9BBE8217834}"
EndProject
Project("{9A19103F-16F7-4668-BE54-9A1E7A4F7556}") = "GuidConverter.Core", "GuidConverter.Core\GuidConverter.Core.csproj", "{799887C9-7DFC-4D4A-B9E3-7072C4353635}"
EndProject
Project("{9A19103F-16F7-4668-BE54-9A1E7A4F7556}") = "GuidConverter.Tests", "GuidConverter.Tests\GuidConverter.Tests.csproj", "{F392DC9C-2523-4AD3-8A77-3B181BC7998D}"
EndProject
Project("{2150E333-8FDC-42A3-9474-1A3956D46DE8}") = "Solution Items", "Solution Items", "{1E6103FE-2ED8-4DCE-9E37-AF62D4645500}"
	ProjectSection(SolutionItems) = preProject
		..\README.md = ..\README.md
	EndProjectSection
EndProject
Global
	GlobalSection(SolutionConfigurationPlatforms) = preSolution
		Debug|Any CPU = Debug|Any CPU
		Release|Any CPU = Release|Any CPU
	EndGlobalSection
	GlobalSection(ProjectConfigurationPlatforms) = postSolution
		{F94A44EC-DC7E-49FC-9D40-C9BBE8217834}.Debug|Any CPU.ActiveCfg = Debug|Any CPU
		{F94A44EC-DC7E-49FC-9D40-C9BBE8217834}.Debug|Any CPU.Build.0 = Debug|Any CPU
		{F94A44EC-DC7E-49FC-9D40-C9BBE8217834}.Release|Any CPU.ActiveCfg = Release|Any CPU
		{F94A44EC-DC7E-49FC-9D40-C9BBE8217834}.Release|Any CPU.Build.0 = Release|Any CPU
		{799887C9-7DFC-4D4A-B9E3-7072C4353635}.Debug|Any CPU.ActiveCfg = Debug|Any CPU
		{799887C9-7DFC-4D4A-B9E3-7072C4353635}.Debug|Any CPU.Build.0 = Debug|Any CPU
		{799887C9-7DFC-4D4A-B9E3-7072C4353635}.Release|Any CPU.ActiveCfg = Release|Any CPU
		{799887C9-7DFC-4D4A-B9E3-7072C4353635}.Release|Any CPU.Build.0 = Release|Any CPU
		{F392DC9C-2523-4AD3-8A77-3B181BC7998D}.Debug|Any CPU.ActiveCfg = Debug|Any CPU
		{F392DC9C-2523-4AD3-8A77-3B181BC7998D}.Debug|Any CPU.Build.0 = Debug|Any CPU
		{F392DC9C-2523-4AD3-8A77-3B181BC7998D}.Release|Any CPU.ActiveCfg = Release|Any CPU
		{F392DC9C-2523-4AD3-8A77-3B181BC7998D}.Release|Any CPU.Build.0 = Release|Any CPU
	EndGlobalSection
	GlobalSection(SolutionProperties) = preSolution
		HideSolutionNode = FALSE
	EndGlobalSection
	GlobalSection(ExtensibilityGlobals) = postSolution
		SolutionGuid = {9DDB7B3F-85DC-456D-8263-708C6E260B49}
	EndGlobalSection
EndGlobal
